
Microsoft Visual Studio Solution File, Format Version 12.00
# Visual Studio Version 17
VisualStudioVersion = 17.7.34221.43
MinimumVisualStudioVersion = 10.0.40219.1
Project("{FAE04EC0-301F-11D3-BF4B-00C04F79EFBC}") = "MayhemRush", "MayhemRush\MayhemRush.csproj", "{BABB664B-10C4-4A0A-BD94-517F1A16C2FB}"
EndProject
Global
	GlobalSection(SolutionConfigurationPlatforms) = preSolution
		Debug|Any CPU = Debug|Any CPU
		Release|Any CPU = Release|Any CPU
	EndGlobalSection
	GlobalSection(ProjectConfigurationPlatforms) = postSolution
		{BABB664B-10C4-4A0A-BD94-517F1A16C2FB}.Debug|Any CPU.ActiveCfg = Debug|Any CPU
		{BABB664B-10C4-4A0A-BD94-517F1A16C2FB}.Debug|Any CPU.Build.0 = Debug|Any CPU
		{BABB664B-10C4-4A0A-BD94-517F1A16C2FB}.Debug|Any CPU.Deploy.0 = Debug|Any CPU
		{BABB664B-10C4-4A0A-BD94-517F1A16C2FB}.Release|Any CPU.ActiveCfg = Release|Any CPU
		{BABB664B-10C4-4A0A-BD94-517F1A16C2FB}.Release|Any CPU.Build.0 = Release|Any CPU
		{BABB664B-10C4-4A0A-BD94-517F1A16C2FB}.Release|Any CPU.Deploy.0 = Release|Any CPU
	EndGlobalSection
	GlobalSection(SolutionProperties) = preSolution
		HideSolutionNode = FALSE
	EndGlobalSection
	GlobalSection(ExtensibilityGlobals) = postSolution
		SolutionGuid = {F94AF1F2-F583-4C99-AF7D-FE2669821100}
	EndGlobalSection
EndGlobal
